PODS:
  - Alamofire (4.6.0)
  - AlamofireObjectMapper (5.0.0):
    - Alamofire (~> 4.1)
    - ObjectMapper (~> 3.0)
  - libwebp (0.6.1):
    - libwebp/core (= 0.6.1)
    - libwebp/dec (= 0.6.1)
    - libwebp/demux (= 0.6.1)
    - libwebp/dsp (= 0.6.1)
    - libwebp/enc (= 0.6.1)
    - libwebp/mux (= 0.6.1)
    - libwebp/utils (= 0.6.1)
    - libwebp/webp (= 0.6.1)
  - libwebp/core (0.6.1):
    - libwebp/webp
  - libwebp/dec (0.6.1):
    - libwebp/core
  - libwebp/demux (0.6.1):
    - libwebp/core
  - libwebp/dsp (0.6.1):
    - libwebp/core
  - libwebp/enc (0.6.1):
    - libwebp/core
  - libwebp/mux (0.6.1):
    - libwebp/core
  - libwebp/utils (0.6.1):
    - libwebp/core
  - libwebp/webp (0.6.1)
  - ObjectMapper (3.1.0)
  - PKHUD (5.0.0)
  - RxCocoa (4.1.2):
    - RxSwift (~> 4.0)
  - RxSwift (4.1.2)
  - SDWebImage/Core (4.3.3)
  - SDWebImage/WebP (4.3.3):
    - libwebp (~> 0.5)
    - SDWebImage/Core

DEPENDENCIES:
  - Alamofire (~> 4.5)
  - AlamofireObjectMapper (~> 5.0)
  - PKHUD (~> 5.0)
  - RxCocoa (~> 4.0)
  - RxSwift (~> 4.0)
  - SDWebImage/WebP

SPEC REPOS:
  https://github.com/CocoaPods/Specs.git:
    - Alamofire
    - AlamofireObjectMapper
    - libwebp
    - ObjectMapper
    - PKHUD
    - RxCocoa
    - RxSwift
    - SDWebImage

SPEC CHECKSUMS:
  Alamofire: f41a599bd63041760b26d393ec1069d9d7b917f4
  AlamofireObjectMapper: 5fafc816351cbbc0d486611aaeba7461c0cbad49
  libwebp: 0f01098c6c17175391af621b2f14150f3ca16e16
  ObjectMapper: 20505058f54e5c3ca69e1d6de9897d152a5369a6
  PKHUD: 3c001512c6e002091184197a8de7a20420786e3b
  RxCocoa: d88ba0f1f6abf040011a9eb4b539324fc426843a
  RxSwift: e49536837d9901277638493ea537394d4b55f570
  SDWebImage: de4d90b5bff3571eae7bd16202b1f43135409fa5

PODFILE CHECKSUM: 36c363b2d7d99c93509b5f46112c7a2fbf8547f6

COCOAPODS: 1.5.0
